
Microsoft Visual Studio Solution File, Format Version 12.00
# Visual Studio Version 17
VisualStudioVersion = 17.8.34511.84
MinimumVisualStudioVersion = 10.0.40219.1
Project("{FAE04EC0-301F-11D3-BF4B-00C04F79EFBC}") = "calculacka", "calculacka\calculacka.csproj", "{F29A13B5-3EE9-4713-8BEE-3ED9C4F248F7}"
EndProject
Global
	GlobalSection(SolutionConfigurationPlatforms) = preSolution
		Debug|Any CPU = Debug|Any CPU
		Release|Any CPU = Release|Any CPU
	EndGlobalSection
	GlobalSection(ProjectConfigurationPlatforms) = postSolution
		{F29A13B5-3EE9-4713-8BEE-3ED9C4F248F7}.Debug|Any CPU.ActiveCfg = Debug|Any CPU
		{F29A13B5-3EE9-4713-8BEE-3ED9C4F248F7}.Debug|Any CPU.Build.0 = Debug|Any CPU
		{F29A13B5-3EE9-4713-8BEE-3ED9C4F248F7}.Release|Any CPU.ActiveCfg = Release|Any CPU
		{F29A13B5-3EE9-4713-8BEE-3ED9C4F248F7}.Release|Any CPU.Build.0 = Release|Any CPU
	EndGlobalSection
	GlobalSection(SolutionProperties) = preSolution
		HideSolutionNode = FALSE
	EndGlobalSection
	GlobalSection(ExtensibilityGlobals) = postSolution
		SolutionGuid = {A3735B0F-5F5B-4FFB-875B-6447236C4740}
	EndGlobalSection
EndGlobal
